// !$*UTF8*$!
{
	archiveVersion = 1;
	classes = {
	};
	objectVersion = 50;
	objects = {

/* Begin PBXBuildFile section */
		B44439582453D56000350A2C /* Assets.xcassets in Resources */ = {isa = PBXBuildFile; fileRef = B44439572453D56000350A2C /* Assets.xcassets */; };
		B4CE84D92452A2900088CAEB /* FoodTableViewCell.swift in Sources */ = {isa = PBXBuildFile; fileRef = B4CE84D72452A2900088CAEB /* FoodTableViewCell.swift */; };
		B4CE84DA2452A2900088CAEB /* FoodTableViewCell.xib in Resources */ = {isa = PBXBuildFile; fileRef = B4CE84D82452A2900088CAEB /* FoodTableViewCell.xib */; };
		B4CE84DD2452A2BA0088CAEB /* DetailViewController.swift in Sources */ = {isa = PBXBuildFile; fileRef = B4CE84DB2452A2BA0088CAEB /* DetailViewController.swift */; };
		B4CE84DE2452A2BA0088CAEB /* DetailViewController.xib in Resources */ = {isa = PBXBuildFile; fileRef = B4CE84DC2452A2BA0088CAEB /* DetailViewController.xib */; };
		B4CE84E02452A3290088CAEB /* ProfilViewController.swift in Sources */ = {isa = PBXBuildFile; fileRef = B4CE84DF2452A3290088CAEB /* ProfilViewController.swift */; };
		B4D219DD2452838800124451 /* AppDelegate.swift in Sources */ = {isa = PBXBuildFile; fileRef = B4D219DC2452838800124451 /* AppDelegate.swift */; };
		B4D219DF2452838800124451 /* SceneDelegate.swift in Sources */ = {isa = PBXBuildFile; fileRef = B4D219DE2452838800124451 /* SceneDelegate.swift */; };
		B4D219E12452838800124451 /* ViewController.swift in Sources */ = {isa = PBXBuildFile; fileRef = B4D219E02452838800124451 /* ViewController.swift */; };
		B4D219E42452838800124451 /* Main.storyboard in Resources */ = {isa = PBXBuildFile; fileRef = B4D219E22452838800124451 /* Main.storyboard */; };
		B4D219E92452838C00124451 /* LaunchScreen.storyboard in Resources */ = {isa = PBXBuildFile; fileRef = B4D219E72452838C00124451 /* LaunchScreen.storyboard */; };
		B4D219F62452840600124451 /* SundaneseFood.swift in Sources */ = {isa = PBXBuildFile; fileRef = B4D219F52452840600124451 /* SundaneseFood.swift */; };
		B4D219F82452841900124451 /* DummySundaneseFood.swift in Sources */ = {isa = PBXBuildFile; fileRef = B4D219F72452841900124451 /* DummySundaneseFood.swift */; };
/* End PBXBuildFile section */

/* Begin PBXFileReference section */
		B44439572453D56000350A2C /* Assets.xcassets */ = {isa = PBXFileReference; lastKnownFileType = folder.assetcatalog; path = Assets.xcassets; sourceTree = "<group>"; };
		B4CE84D72452A2900088CAEB /* FoodTableViewCell.swift */ = {isa = PBXFileReference; lastKnownFileType = sourcecode.swift; path = FoodTableViewCell.swift; sourceTree = "<group>"; };
		B4CE84D82452A2900088CAEB /* FoodTableViewCell.xib */ = {isa = PBXFileReference; lastKnownFileType = file.xib; path = FoodTableViewCell.xib; sourceTree = "<group>"; };
		B4CE84DB2452A2BA0088CAEB /* DetailViewController.swift */ = {isa = PBXFileReference; lastKnownFileType = sourcecode.swift; path = DetailViewController.swift; sourceTree = "<group>"; };
		B4CE84DC2452A2BA0088CAEB /* DetailViewController.xib */ = {isa = PBXFileReference; lastKnownFileType = file.xib; path = DetailViewController.xib; sourceTree = "<group>"; };
		B4CE84DF2452A3290088CAEB /* ProfilViewController.swift */ = {isa = PBXFileReference; lastKnownFileType = sourcecode.swift; path = ProfilViewController.swift; sourceTree = "<group>"; };
		B4D219D92452838800124451 /* SundaneseFood.app */ = {isa = PBXFileReference; explicitFileType = wrapper.application; includeInIndex = 0; path = SundaneseFood.app; sourceTree = BUILT_PRODUCTS_DIR; };
		B4D219DC2452838800124451 /* AppDelegate.swift */ = {isa = PBXFileReference; lastKnownFileType = sourcecode.swift; path = AppDelegate.swift; sourceTree = "<group>"; };
		B4D219DE2452838800124451 /* SceneDelegate.swift */ = {isa = PBXFileReference; lastKnownFileType = sourcecode.swift; path = SceneDelegate.swift; sourceTree = "<group>"; };
		B4D219E02452838800124451 /* ViewController.swift */ = {isa = PBXFileReference; lastKnownFileType = sourcecode.swift; path = ViewController.swift; sourceTree = "<group>"; };
		B4D219E32452838800124451 /* Base */ = {isa = PBXFileReference; lastKnownFileType = file.storyboard; name = Base; path = Base.lproj/Main.storyboard; sourceTree = "<group>"; };
		B4D219E82452838C00124451 /* Base */ = {isa = PBXFileReference; lastKnownFileType = file.storyboard; name = Base; path = Base.lproj/LaunchScreen.storyboard; sourceTree = "<group>"; };
		B4D219EA2452838C00124451 /* Info.plist */ = {isa = PBXFileReference; lastKnownFileType = text.plist.xml; path = Info.plist; sourceTree = "<group>"; };
		B4D219F52452840600124451 /* SundaneseFood.swift */ = {isa = PBXFileReference; lastKnownFileType = sourcecode.swift; path = SundaneseFood.swift; sourceTree = "<group>"; };
		B4D219F72452841900124451 /* DummySundaneseFood.swift */ = {isa = PBXFileReference; lastKnownFileType = sourcecode.swift; path = DummySundaneseFood.swift; sourceTree = "<group>"; };
/* End PBXFileReference section */

/* Begin PBXFrameworksBuildPhase section */
		B4D219D62452838800124451 /* Frameworks */ = {
			isa = PBXFrameworksBuildPhase;
			buildActionMask = 2147483647;
			files = (
			);
			runOnlyForDeploymentPostprocessing = 0;
		};
/* End PBXFrameworksBuildPhase section */

/* Begin PBXGroup section */
		B4D219D02452838700124451 = {
			isa = PBXGroup;
			children = (
				B4D219DB2452838800124451 /* SundaneseFood */,
				B4D219DA2452838800124451 /* Products */,
			);
			sourceTree = "<group>";
		};
		B4D219DA2452838800124451 /* Products */ = {
			isa = PBXGroup;
			children = (
				B4D219D92452838800124451 /* SundaneseFood.app */,
			);
			name = Products;
			sourceTree = "<group>";
		};
		B4D219DB2452838800124451 /* SundaneseFood */ = {
			isa = PBXGroup;
			children = (
				B4D219F3245283CB00124451 /* Base */,
				B4D219F2245283C700124451 /* Model */,
				B4D219F1245283BE00124451 /* Controller */,
				B4D219F0245283B900124451 /* View */,
				B4D219EA2452838C00124451 /* Info.plist */,
				B44439572453D56000350A2C /* Assets.xcassets */,
			);
			path = SundaneseFood;
			sourceTree = "<group>";
		};
		B4D219F0245283B900124451 /* View */ = {
			isa = PBXGroup;
			children = (
				B4D219E22452838800124451 /* Main.storyboard */,
				B4CE84D82452A2900088CAEB /* FoodTableViewCell.xib */,
				B4CE84DC2452A2BA0088CAEB /* DetailViewController.xib */,
				B4D219E72452838C00124451 /* LaunchScreen.storyboard */,
			);
			path = View;
			sourceTree = "<group>";
		};
		B4D219F1245283BE00124451 /* Controller */ = {
			isa = PBXGroup;
			children = (
				B4D219E02452838800124451 /* ViewController.swift */,
				B4CE84D72452A2900088CAEB /* FoodTableViewCell.swift */,
				B4CE84DB2452A2BA0088CAEB /* DetailViewController.swift */,
				B4CE84DF2452A3290088CAEB /* ProfilViewController.swift */,
			);
			path = Controller;
			sourceTree = "<group>";
		};
		B4D219F2245283C700124451 /* Model */ = {
			isa = PBXGroup;
			children = (
				B4D219F52452840600124451 /* SundaneseFood.swift */,
				B4D219F72452841900124451 /* DummySundaneseFood.swift */,
			);
			path = Model;
			sourceTree = "<group>";
		};
		B4D219F3245283CB00124451 /* Base */ = {
			isa = PBXGroup;
			children = (
				B4D219DC2452838800124451 /* AppDelegate.swift */,
				B4D219DE2452838800124451 /* SceneDelegate.swift */,
			);
			path = Base;
			sourceTree = "<group>";
		};
/* End PBXGroup section */

/* Begin PBXNativeTarget section */
		B4D219D82452838800124451 /* SundaneseFood */ = {
			isa = PBXNativeTarget;
			buildConfigurationList = B4D219ED2452838C00124451 /* Build configuration list for PBXNativeTarget "SundaneseFood" */;
			buildPhases = (
				B4D219D52452838800124451 /* Sources */,
				B4D219D62452838800124451 /* Frameworks */,
				B4D219D72452838800124451 /* Resources */,
			);
			buildRules = (
			);
			dependencies = (
			);
			name = SundaneseFood;
			productName = SundaneseFood;
			productReference = B4D219D92452838800124451 /* SundaneseFood.app */;
			productType = "com.apple.product-type.application";
		};
/* End PBXNativeTarget section */

/* Begin PBXProject section */
		B4D219D12452838800124451 /* Project object */ = {
			isa = PBXProject;
			attributes = {
				LastSwiftUpdateCheck = 1140;
				LastUpgradeCheck = 1140;
				ORGANIZATIONNAME = "Dicoding Indonesia";
				TargetAttributes = {
					B4D219D82452838800124451 = {
						CreatedOnToolsVersion = 11.4;
					};
				};
			};
			buildConfigurationList = B4D219D42452838800124451 /* Build configuration list for PBXProject "SundaneseFood" */;
			compatibilityVersion = "Xcode 9.3";
			developmentRegion = en;
			hasScannedForEncodings = 0;
			knownRegions = (
				en,
				Base,
			);
			mainGroup = B4D219D02452838700124451;
			productRefGroup = B4D219DA2452838800124451 /* Products */;
			projectDirPath = "";
			projectRoot = "";
			targets = (
				B4D219D82452838800124451 /* SundaneseFood */,
			);
		};
/* End PBXProject section */

/* Begin PBXResourcesBuildPhase section */
		B4D219D72452838800124451 /* Resources */ = {
			isa = PBXResourcesBuildPhase;
			buildActionMask = 2147483647;
			files = (
				B4D219E92452838C00124451 /* LaunchScreen.storyboard in Resources */,
				B4CE84DA2452A2900088CAEB /* FoodTableViewCell.xib in Resources */,
				B4CE84DE2452A2BA0088CAEB /* DetailViewController.xib in Resources */,
				B44439582453D56000350A2C /* Assets.xcassets in Resources */,
				B4D219E42452838800124451 /* Main.storyboard in Resources */,
			);
			runOnlyForDeploymentPostprocessing = 0;
		};
/* End PBXResourcesBuildPhase section */

/* Begin PBXSourcesBuildPhase section */
		B4D219D52452838800124451 /* Sources */ = {
			isa = PBXSourcesBuildPhase;
			buildActionMask = 2147483647;
			files = (
				B4CE84E02452A3290088CAEB /* ProfilViewController.swift in Sources */,
				B4D219F62452840600124451 /* SundaneseFood.swift in Sources */,
				B4D219E12452838800124451 /* ViewController.swift in Sources */,
				B4D219F82452841900124451 /* DummySundaneseFood.swift in Sources */,
				B4D219DD2452838800124451 /* AppDelegate.swift in Sources */,
				B4D219DF2452838800124451 /* SceneDelegate.swift in Sources */,
				B4CE84D92452A2900088CAEB /* FoodTableViewCell.swift in Sources */,
				B4CE84DD2452A2BA0088CAEB /* DetailViewController.swift in Sources */,
			);
			runOnlyForDeploymentPostprocessing = 0;
		};
/* End PBXSourcesBuildPhase section */

/* Begin PBXVariantGroup section */
		B4D219E22452838800124451 /* Main.storyboard */ = {
			isa = PBXVariantGroup;
			children = (
				B4D219E32452838800124451 /* Base */,
			);
			name = Main.storyboard;
			sourceTree = "<group>";
		};
		B4D219E72452838C00124451 /* LaunchScreen.storyboard */ = {
			isa = PBXVariantGroup;
			children = (
				B4D219E82452838C00124451 /* Base */,
			);
			name = LaunchScreen.storyboard;
			sourceTree = "<group>";
		};
/* End PBXVariantGroup section */

/* Begin XCBuildConfiguration section */
		B4D219EB2452838C00124451 /* Debug */ = {
			isa = XCBuildConfiguration;
			buildSettings = {
				ALWAYS_SEARCH_USER_PATHS = NO;
				CLANG_ANALYZER_NONNULL = YES;
				CLANG_ANALYZER_NUMBER_OBJECT_CONVERSION = YES_AGGRESSIVE;
				CLANG_CXX_LANGUAGE_STANDARD = "gnu++14";
				CLANG_CXX_LIBRARY = "libc++";
				CLANG_ENABLE_MODULES = YES;
				CLANG_ENABLE_OBJC_ARC = YES;
				CLANG_ENABLE_OBJC_WEAK = YES;
				CLANG_WARN_BLOCK_CAPTURE_AUTORELEASING = YES;
				CLANG_WARN_BOOL_CONVERSION = YES;
				CLANG_WARN_COMMA = YES;
				CLANG_WARN_CONSTANT_CONVERSION = YES;
				CLANG_WARN_DEPRECATED_OBJC_IMPLEMENTATIONS = YES;
				CLANG_WARN_DIRECT_OBJC_ISA_USAGE = YES_ERROR;
				CLANG_WARN_DOCUMENTATION_COMMENTS = YES;
				CLANG_WARN_EMPTY_BODY = YES;
				CLANG_WARN_ENUM_CONVERSION = YES;
				CLANG_WARN_INFINITE_RECURSION = YES;
				CLANG_WARN_INT_CONVERSION = YES;
				CLANG_WARN_NON_LITERAL_NULL_CONVERSION = YES;
				CLANG_WARN_OBJC_IMPLICIT_RETAIN_SELF = YES;
				CLANG_WARN_OBJC_LITERAL_CONVERSION = YES;
				CLANG_WARN_OBJC_ROOT_CLASS = YES_ERROR;
				CLANG_WARN_RANGE_LOOP_ANALYSIS = YES;
				CLANG_WARN_STRICT_PROTOTYPES = YES;
				CLANG_WARN_SUSPICIOUS_MOVE = YES;
				CLANG_WARN_UNGUARDED_AVAILABILITY = YES_AGGRESSIVE;
				CLANG_WARN_UNREACHABLE_CODE = YES;
				CLANG_WARN__DUPLICATE_METHOD_MATCH = YES;
				COPY_PHASE_STRIP = NO;
				DEBUG_INFORMATION_FORMAT = dwarf;
				ENABLE_STRICT_OBJC_MSGSEND = YES;
				ENABLE_TESTABILITY = YES;
				GCC_C_LANGUAGE_STANDARD = gnu11;
				GCC_DYNAMIC_NO_PIC = NO;
				GCC_NO_COMMON_BLOCKS = YES;
				GCC_OPTIMIZATION_LEVEL = 0;
				GCC_PREPROCESSOR_DEFINITIONS = (
					"DEBUG=1",
					"$(inherited)",
				);
				GCC_WARN_64_TO_32_BIT_CONVERSION = YES;
				GCC_WARN_ABOUT_RETURN_TYPE = YES_ERROR;
				GCC_WARN_UNDECLARED_SELECTOR = YES;
				GCC_WARN_UNINITIALIZED_AUTOS = YES_AGGRESSIVE;
				GCC_WARN_UNUSED_FUNCTION = YES;
				GCC_WARN_UNUSED_VARIABLE = YES;
				IPHONEOS_DEPLOYMENT_TARGET = 13.4;
				MTL_ENABLE_DEBUG_INFO = INCLUDE_SOURCE;
				MTL_FAST_MATH = YES;
				ONLY_ACTIVE_ARCH = YES;
				SDKROOT = iphoneos;
				SWIFT_ACTIVE_COMPILATION_CONDITIONS = DEBUG;
				SWIFT_OPTIMIZATION_LEVEL = "-Onone";
			};
			name = Debug;
		};
		B4D219EC2452838C00124451 /* Release */ = {
			isa = XCBuildConfiguration;
			buildSettings = {
				ALWAYS_SEARCH_USER_PATHS = NO;
				CLANG_ANALYZER_NONNULL = YES;
				CLANG_ANALYZER_NUMBER_OBJECT_CONVERSION = YES_AGGRESSIVE;
				CLANG_CXX_LANGUAGE_STANDARD = "gnu++14";
				CLANG_CXX_LIBRARY = "libc++";
				CLANG_ENABLE_MODULES = YES;
				CLANG_ENABLE_OBJC_ARC = YES;
				CLANG_ENABLE_OBJC_WEAK = YES;
				CLANG_WARN_BLOCK_CAPTURE_AUTORELEASING = YES;
				CLANG_WARN_BOOL_CONVERSION = YES;
				CLANG_WARN_COMMA = YES;
				CLANG_WARN_CONSTANT_CONVERSION = YES;
				CLANG_WARN_DEPRECATED_OBJC_IMPLEMENTATIONS = YES;
				CLANG_WARN_DIRECT_OBJC_ISA_USAGE = YES_ERROR;
				CLANG_WARN_DOCUMENTATION_COMMENTS = YES;
				CLANG_WARN_EMPTY_BODY = YES;
				CLANG_WARN_ENUM_CONVERSION = YES;
				CLANG_WARN_INFINITE_RECURSION = YES;
				CLANG_WARN_INT_CONVERSION = YES;
				CLANG_WARN_NON_LITERAL_NULL_CONVERSION = YES;
				CLANG_WARN_OBJC_IMPLICIT_RETAIN_SELF = YES;
				CLANG_WARN_OBJC_LITERAL_CONVERSION = YES;
				CLANG_WARN_OBJC_ROOT_CLASS = YES_ERROR;
				CLANG_WARN_RANGE_LOOP_ANALYSIS = YES;
				CLANG_WARN_STRICT_PROTOTYPES = YES;
				CLANG_WARN_SUSPICIOUS_MOVE = YES;
				CLANG_WARN_UNGUARDED_AVAILABILITY = YES_AGGRESSIVE;
				CLANG_WARN_UNREACHABLE_CODE = YES;
				CLANG_WARN__DUPLICATE_METHOD_MATCH = YES;
				COPY_PHASE_STRIP = NO;
				DEBUG_INFORMATION_FORMAT = "dwarf-with-dsym";
				ENABLE_NS_ASSERTIONS = NO;
				ENABLE_STRICT_OBJC_MSGSEND = YES;
				GCC_C_LANGUAGE_STANDARD = gnu11;
				GCC_NO_COMMON_BLOCKS = YES;
				GCC_WARN_64_TO_32_BIT_CONVERSION = YES;
				GCC_WARN_ABOUT_RETURN_TYPE = YES_ERROR;
				GCC_WARN_UNDECLARED_SELECTOR = YES;
				GCC_WARN_UNINITIALIZED_AUTOS = YES_AGGRESSIVE;
				GCC_WARN_UNUSED_FUNCTION = YES;
				GCC_WARN_UNUSED_VARIABLE = YES;
				IPHONEOS_DEPLOYMENT_TARGET = 13.4;
				MTL_ENABLE_DEBUG_INFO = NO;
				MTL_FAST_MATH = YES;
				SDKROOT = iphoneos;
				SWIFT_COMPILATION_MODE = wholemodule;
				SWIFT_OPTIMIZATION_LEVEL = "-O";
				VALIDATE_PRODUCT = YES;
			};
			name = Release;
		};
		B4D219EE2452838C00124451 /* Debug */ = {
			isa = XCBuildConfiguration;
			buildSettings = {
				ASSETCATALOG_COMPILER_APPICON_NAME = AppIcon;
				CODE_SIGN_STYLE = Automatic;
				INFOPLIST_FILE = SundaneseFood/Info.plist;
				LD_RUNPATH_SEARCH_PATHS = (
					"$(inherited)",
					"@executable_path/Frameworks",
				);
				PRODUCT_BUNDLE_IDENTIFIER = com.dicoding.academy.SundaneseFood;
				PRODUCT_NAME = "$(TARGET_NAME)";
				SWIFT_VERSION = 5.0;
				TARGETED_DEVICE_FAMILY = "1,2";
			};
			name = Debug;
		};
		B4D219EF2452838C00124451 /* Release */ = {
			isa = XCBuildConfiguration;
			buildSettings = {
				ASSETCATALOG_COMPILER_APPICON_NAME = AppIcon;
				CODE_SIGN_STYLE = Automatic;
				INFOPLIST_FILE = SundaneseFood/Info.plist;
				LD_RUNPATH_SEARCH_PATHS = (
					"$(inherited)",
					"@executable_path/Frameworks",
				);
				PRODUCT_BUNDLE_IDENTIFIER = com.dicoding.academy.SundaneseFood;
				PRODUCT_NAME = "$(TARGET_NAME)";
				SWIFT_VERSION = 5.0;
				TARGETED_DEVICE_FAMILY = "1,2";
			};
			name = Release;
		};
/* End XCBuildConfiguration section */

/* Begin XCConfigurationList section */
		B4D219D42452838800124451 /* Build configuration list for PBXProject "SundaneseFood" */ = {
			isa = XCConfigurationList;
			buildConfigurations = (
				B4D219EB2452838C00124451 /* Debug */,
				B4D219EC2452838C00124451 /* Release */,
			);
			defaultConfigurationIsVisible = 0;
			defaultConfigurationName = Release;
		};
		B4D219ED2452838C00124451 /* Build configuration list for PBXNativeTarget "SundaneseFood" */ = {
			isa = XCConfigurationList;
			buildConfigurations = (
				B4D219EE2452838C00124451 /* Debug */,
				B4D219EF2452838C00124451 /* Release */,
			);
			defaultConfigurationIsVisible = 0;
			defaultConfigurationName = Release;
		};
/* End XCConfigurationList section */
	};
	rootObject = B4D219D12452838800124451 /* Project object */;
}
